<Solution>
  <Folder Name="/src/">
    <Project Path="src/DawVcs.Adapters.Abstractions/DawVcs.Adapters.Abstractions.csproj" />
    <Project Path="src/DawVcs.Adapters.FLStudio/DawVcs.Adapters.FLStudio.csproj" />
    <Project Path="src/DawVcs.Application/DawVcs.Application.csproj" />
    <Project Path="src/DawVcs.Cli/DawVcs.Cli.csproj" />
    <Project Path="src/DawVcs.Domain/DawVcs.Domain.csproj" />
    <Project Path="src/DawVcs.Infrastructure/DawVcs.Infrastructure.csproj" />
  </Folder>
  <Folder Name="/tests/">
    <Project Path="tests/DawVcs.Adapters.FLStudio.Tests/DawVcs.Adapters.FLStudio.Tests.csproj" />
    <Project Path="tests/DawVcs.Application.Tests/DawVcs.Application.Tests.csproj" />
    <Project Path="tests/DawVcs.Domain.Tests/DawVcs.Domain.Tests.csproj" />
    <Project Path="tests/DawVcs.EndToEndTests/DawVcs.EndToEndTests.csproj" />
    <Project Path="tests/DawVcs.Infrastructure.Tests/DawVcs.Infrastructure.Tests.csproj" />
    <Project Path="tests/DawVcs.IntegrationTests/DawVcs.IntegrationTests.csproj" />
  </Folder>
</Solution>
